
Microsoft Visual Studio Solution File, Format Version 12.00
# Visual Studio Version 16
VisualStudioVersion = 16.0.30225.117
MinimumVisualStudioVersion = 10.0.40219.1
Project("{9A19103F-16F7-4668-BE54-9A1E7A4F7556}") = "Bookmyslot.Api.Customers.Business", "Customers\Bookmyslot.Api.Customers.Business\Bookmyslot.Api.Customers.Business.csproj", "{4591E24B-89B2-42A9-B110-6F22C9D8F18E}"
EndProject
Project("{9A19103F-16F7-4668-BE54-9A1E7A4F7556}") = "Bookmyslot.Api.Customers.Repositories", "Customers\Bookmyslot.Api.Customers.Repositories\Bookmyslot.Api.Customers.Repositories.csproj", "{858307D8-7D03-4820-8B1E-C60042EE17FE}"
EndProject
Project("{9A19103F-16F7-4668-BE54-9A1E7A4F7556}") = "Bookmyslot.Api.Customers.Contracts", "Customers\Bookmyslot.Api.Customers.Contracts\Bookmyslot.Api.Customers.Contracts.csproj", "{54472D2E-9715-432E-A9EC-A13FC1CA954F}"
EndProject
Project("{9A19103F-16F7-4668-BE54-9A1E7A4F7556}") = "Bookmyslot.Api.Common.Tests", "Common\Bookmyslot.Api.Common.Tests\Bookmyslot.Api.Common.Tests.csproj", "{DD5C1B2C-EB95-4117-8183-4D17A08C4A1D}"
EndProject
Project("{9A19103F-16F7-4668-BE54-9A1E7A4F7556}") = "Bookmyslot.Api.Customers.Business.Tests", "Customers\Bookmyslot.Api.Customers.Business.Tests\Bookmyslot.Api.Customers.Business.Tests.csproj", "{B6B3205A-9C0F-4CC8-A480-192D4870EBE6}"
EndProject
Project("{9A19103F-16F7-4668-BE54-9A1E7A4F7556}") = "Bookmyslot.Api.Customers.Repositories.Tests", "Customers\Bookmyslot.Api.Customers.Repositories.Tests\Bookmyslot.Api.Customers.Repositories.Tests.csproj", "{2FC88F37-3CE6-4935-BA13-286257D3097C}"
EndProject
Project("{9A19103F-16F7-4668-BE54-9A1E7A4F7556}") = "Bookmyslot.Api.Common", "Common\Bookmyslot.Api.Common\Bookmyslot.Api.Common.csproj", "{DC0DC779-7F5E-4B56-B8A4-41AF4F5745E5}"
EndProject
Project("{9A19103F-16F7-4668-BE54-9A1E7A4F7556}") = "Bookmyslot.Api.Common.Contracts", "Common\Bookmyslot.Api.Common.Contracts\Bookmyslot.Api.Common.Contracts.csproj", "{B4A5ADA8-1C80-4DF8-8BF7-3C9C8AC1AF55}"
EndProject
Project("{9A19103F-16F7-4668-BE54-9A1E7A4F7556}") = "Bookmyslot.Api.SlotScheduler.Contracts", "SlotScheduler\Bookmyslot.Api.SlotScheduler.Contracts\Bookmyslot.Api.SlotScheduler.Contracts.csproj", "{8AD6FB1D-4520-4677-A912-4859B9D52BD0}"
EndProject
Project("{9A19103F-16F7-4668-BE54-9A1E7A4F7556}") = "Bookmyslot.Api.SlotScheduler.Business", "SlotScheduler\Bookmyslot.Api.SlotScheduler.Business\Bookmyslot.Api.SlotScheduler.Business.csproj", "{E1C3E811-D40B-42C6-903F-67BCC02A7A5C}"
EndProject
Project("{9A19103F-16F7-4668-BE54-9A1E7A4F7556}") = "Bookmyslot.Api.SlotScheduler.Repositories", "SlotScheduler\Bookmyslot.Api.SlotScheduler.Repositories\Bookmyslot.Api.SlotScheduler.Repositories.csproj", "{8DB47417-DF4E-4599-B10E-4DBB63022C9D}"
EndProject
Project("{9A19103F-16F7-4668-BE54-9A1E7A4F7556}") = "Bookmyslot.Api.SlotScheduler.Repositories.Tests", "SlotScheduler\Bookmyslot.Api.SlotScheduler.Repositories.Tests\Bookmyslot.Api.SlotScheduler.Repositories.Tests.csproj", "{AB3D66BE-63B4-49C3-89FD-5AAF784F46FF}"
EndProject
Project("{9A19103F-16F7-4668-BE54-9A1E7A4F7556}") = "Bookmyslot.Api.SlotScheduler.Business.Tests", "SlotScheduler\Bookmyslot.Api.SlotScheduler.Business.Tests\Bookmyslot.Api.SlotScheduler.Business.Tests.csproj", "{19663071-0FCB-48A9-BCC7-28CADD69B6DF}"
EndProject
Project("{9A19103F-16F7-4668-BE54-9A1E7A4F7556}") = "Bookmyslot.Api.Common.Compression", "Common\Bookmyslot.Api.Common.Compression\Bookmyslot.Api.Common.Compression.csproj", "{B07C21C9-65C7-4F27-9B62-458331441646}"
EndProject
Project("{2150E333-8FDC-42A3-9474-1A3956D46DE8}") = "Customers", "Customers", "{CE9B1978-0B2F-483D-8FD9-48D7043D1606}"
EndProject
Project("{2150E333-8FDC-42A3-9474-1A3956D46DE8}") = "SlotScheduler", "SlotScheduler", "{2D1A08CB-8508-4BF0-9E71-551355EA19DF}"
EndProject
Project("{2150E333-8FDC-42A3-9474-1A3956D46DE8}") = "Common", "Common", "{32F67FBB-22DF-46DC-89F3-84121457B5D7}"
EndProject
Project("{2150E333-8FDC-42A3-9474-1A3956D46DE8}") = "Tests", "Tests", "{3F730722-5092-42A2-B439-D974333D0B99}"
EndProject
Project("{2150E333-8FDC-42A3-9474-1A3956D46DE8}") = "Tests", "Tests", "{3A26CBA2-A489-4FA3-BFB4-987D087F4B18}"
EndProject
Project("{2150E333-8FDC-42A3-9474-1A3956D46DE8}") = "Tests", "Tests", "{60B9DC0B-E30B-4A36-A08B-912FE9497A41}"
EndProject
Project("{2150E333-8FDC-42A3-9474-1A3956D46DE8}") = "BookMySlot", "BookMySlot", "{81C0FA41-A415-4AED-B625-929066505AE7}"
EndProject
Project("{9A19103F-16F7-4668-BE54-9A1E7A4F7556}") = "Bookmyslot.Api", "BookMySlot\Bookmyslot.Api\Bookmyslot.Api.csproj", "{641CECB3-2E5C-49A2-97CC-8FEEE04F9CAF}"
EndProject
Project("{2150E333-8FDC-42A3-9474-1A3956D46DE8}") = "Tests", "Tests", "{E49C57E8-84BA-4EBC-9295-D327F1FC9CA9}"
EndProject
Project("{9A19103F-16F7-4668-BE54-9A1E7A4F7556}") = "Bookmyslot.Api.Injections.Tests", "BookMySlot\Bookmyslot.Api.Injections.Tests\Bookmyslot.Api.Injections.Tests.csproj", "{60EF7622-E55A-4236-9F07-8E630A3F355C}"
EndProject
Project("{9A19103F-16F7-4668-BE54-9A1E7A4F7556}") = "Bookmyslot.Api.Common.Logging", "Common\Bookmyslot.Api.Common.Logging\Bookmyslot.Api.Common.Logging.csproj", "{1A480560-3F55-4BFE-A255-24F998AABC6F}"
EndProject
Project("{9A19103F-16F7-4668-BE54-9A1E7A4F7556}") = "Bookmyslot.Api.Common.Email", "Common\Bookmyslot.Api.Common.Email\Bookmyslot.Api.Common.Email.csproj", "{BCFB7A83-7DF3-4F2F-9BA5-028A6F58E445}"
EndProject
Project("{9A19103F-16F7-4668-BE54-9A1E7A4F7556}") = "Bookmyslot.Api.Customers.Emails", "Customers\Bookmyslot.Api.Customers.Emails\Bookmyslot.Api.Customers.Emails.csproj", "{B6207C3E-A48F-4D08-81A6-EC10B3564BBF}"
EndProject
Project("{9A19103F-16F7-4668-BE54-9A1E7A4F7556}") = "Bookmyslot.Api.Common.Search", "Common\Bookmyslot.Api.Common.Search\Bookmyslot.Api.Common.Search.csproj", "{DCBD9BAB-73EC-4FB4-800D-DD51E05E3C68}"
EndProject
Project("{9A19103F-16F7-4668-BE54-9A1E7A4F7556}") = "Bookmyslot.Api.Common.Web", "Common\Bookmyslot.Api.Common.Web\Bookmyslot.Api.Common.Web.csproj", "{9DF7AB26-0377-45E6-9E28-A91D44B56842}"
EndProject
Project("{9A19103F-16F7-4668-BE54-9A1E7A4F7556}") = "Bookmyslot.Api.Common.Database", "Common\Bookmyslot.Api.Common.Database\Bookmyslot.Api.Common.Database.csproj", "{2F2B6B50-5147-4049-95E4-80E0B59D9667}"
EndProject
Project("{2150E333-8FDC-42A3-9474-1A3956D46DE8}") = "Search", "Search", "{8BDE4C87-7413-40DF-A184-2E7F60D88FE4}"
EndProject
Project("{9A19103F-16F7-4668-BE54-9A1E7A4F7556}") = "Bookmyslot.Api.Search.Business", "Search\Bookmyslot.Api.Search.Business\Bookmyslot.Api.Search.Business.csproj", "{AFF0C6C6-6829-4D54-87F0-C3F954566D17}"
EndProject
Project("{9A19103F-16F7-4668-BE54-9A1E7A4F7556}") = "Bookmyslot.Api.Search.Repositories", "Search\Bookmyslot.Api.Search.Repositories\Bookmyslot.Api.Search.Repositories.csproj", "{CCE4294C-4314-4838-A81A-21D352177084}"
EndProject
Project("{9A19103F-16F7-4668-BE54-9A1E7A4F7556}") = "Bookmyslot.Api.Search.Contracts", "Search\Bookmyslot.Api.Search.Contracts\Bookmyslot.Api.Search.Contracts.csproj", "{28281783-CE12-46F3-80C0-346BE6AB7FD6}"
EndProject
Project("{2150E333-8FDC-42A3-9474-1A3956D46DE8}") = "Tests", "Tests", "{9200EED6-8784-4A9D-BB83-6F960D120F77}"
EndProject
Project("{9A19103F-16F7-4668-BE54-9A1E7A4F7556}") = "Bookmyslot.Api.Search.Business.Tests", "Search\Tests\Bookmyslot.Api.Search.Business.Tests\Bookmyslot.Api.Search.Business.Tests.csproj", "{68B941FA-0D69-4D36-96FF-7D129FC1A775}"
EndProject
Project("{9A19103F-16F7-4668-BE54-9A1E7A4F7556}") = "Bookmyslot.Api.Injections", "BookMySlot\Bookmyslot.Api.Injections\Bookmyslot.Api.Injections.csproj", "{93202024-6F5B-48BE-BC08-B82BD84395B5}"
EndProject
Project("{2150E333-8FDC-42A3-9474-1A3956D46DE8}") = "Cache", "Cache", "{6FFFE5DF-7E40-4A93-A692-62404F4286C5}"
EndProject
Project("{9A19103F-16F7-4668-BE54-9A1E7A4F7556}") = "Bookmyslot.Api.Cache.Contracts", "Cache\Bookmyslot.Api.Cache.Contracts\Bookmyslot.Api.Cache.Contracts.csproj", "{CE045C6E-6D75-4A5A-B7D7-2BF8AC90EEBC}"
EndProject
Project("{9A19103F-16F7-4668-BE54-9A1E7A4F7556}") = "Bookmyslot.Api.Cache.Business", "Cache\Bookmyslot.Api.Cache.Business\Bookmyslot.Api.Cache.Business.csproj", "{28FA301E-5882-4659-80DF-813A0F73978B}"
EndProject
Project("{9A19103F-16F7-4668-BE54-9A1E7A4F7556}") = "Bookmyslot.Api.Cache.Repositories", "Cache\Bookmyslot.Api.Cache.Repositories\Bookmyslot.Api.Cache.Repositories.csproj", "{9576D380-0609-4345-A656-A0DFE33DEA65}"
EndProject
Project("{2150E333-8FDC-42A3-9474-1A3956D46DE8}") = "Tests", "Tests", "{4B54A127-99E8-4C5E-A3EB-BE8EA08DAC6C}"
EndProject
Project("{9A19103F-16F7-4668-BE54-9A1E7A4F7556}") = "Bookmyslot.Api.Cache.Business.Tests", "Cache\Tests\Bookmyslot.Api.Cache.Business.Tests\Bookmyslot.Api.Cache.Business.Tests.csproj", "{3B3AE5F7-9B1A-4800-B510-803AC1ABFF26}"
EndProject
Project("{2150E333-8FDC-42A3-9474-1A3956D46DE8}") = "Authentication", "Authentication", "{862ED9A0-B7E1-44EE-A3A6-7DD4DF897E57}"
EndProject
Project("{9A19103F-16F7-4668-BE54-9A1E7A4F7556}") = "Bookmyslot.Api.Authentication", "Authentication\Bookmyslot.Api.Authentication\Bookmyslot.Api.Authentication.csproj", "{8A29450C-DF96-4F5C-9678-EC2D05CFE63F}"
EndProject
Project("{9A19103F-16F7-4668-BE54-9A1E7A4F7556}") = "Bookmyslot.Api.Authentication.Common", "Authentication\Bookmyslot.Api.Authentication.Common\Bookmyslot.Api.Authentication.Common.csproj", "{A5A000BA-7958-4A36-96D0-A55A7B57591C}"
EndProject
Project("{9A19103F-16F7-4668-BE54-9A1E7A4F7556}") = "Bookmyslot.Api.Authentication.Google", "Authentication\Bookmyslot.Api.Authentication.Google\Bookmyslot.Api.Authentication.Google.csproj", "{F4967DFB-4C36-423C-A144-B5905554B20D}"
EndProject
Project("{9A19103F-16F7-4668-BE54-9A1E7A4F7556}") = "Bookmyslot.Api.Authentication.Facebook", "Authentication\Bookmyslot.Api.Authentication.Facebook\Bookmyslot.Api.Authentication.Facebook.csproj", "{870122E8-C941-4C20-8B57-C8B96267250A}"
EndProject
Project("{2150E333-8FDC-42A3-9474-1A3956D46DE8}") = "Location", "Location", "{5F9167B0-5484-4A43-9B84-36CD91E18EF7}"
EndProject
Project("{9A19103F-16F7-4668-BE54-9A1E7A4F7556}") = "Bookmyslot.Api.Location.Contracts", "Location\Bookmyslot.Api.Location.Contracts\Bookmyslot.Api.Location.Contracts.csproj", "{B57AA492-624B-450D-9E5B-F3EAACBE5C97}"
EndProject
Project("{9A19103F-16F7-4668-BE54-9A1E7A4F7556}") = "Bookmyslot.Api.Location.Business", "Location\Bookmyslot.Api.Location.Business\Bookmyslot.Api.Location.Business.csproj", "{6F38AD5D-1B41-4EF1-B6E3-A153F9AF497F}"
EndProject
Project("{9A19103F-16F7-4668-BE54-9A1E7A4F7556}") = "Bookmyslot.Api.Tests", "BookMySlot\Bookmyslot.Api.Tests\Bookmyslot.Api.Tests.csproj", "{443A3B0E-235F-4CEC-8F31-C16D7BB59F87}"
EndProject
Project("{9A19103F-16F7-4668-BE54-9A1E7A4F7556}") = "Bookmyslot.Api.Customers.ViewModels", "Customers\Bookmyslot.Api.Customers.ViewModels\Bookmyslot.Api.Customers.ViewModels.csproj", "{D24651F0-F765-4F31-A624-616C97D5BA39}"
EndProject
Project("{9A19103F-16F7-4668-BE54-9A1E7A4F7556}") = "Bookmyslot.Api.Common.ViewModels", "Common\Bookmyslot.Api.Common.ViewModels\Bookmyslot.Api.Common.ViewModels.csproj", "{39D2D2C7-502B-40A6-8171-67D2AEFD4FEF}"
EndProject
Project("{9A19103F-16F7-4668-BE54-9A1E7A4F7556}") = "Bookmyslot.Api.SlotScheduler.ViewModels", "SlotScheduler\Bookmyslot.Api.SlotScheduler.ViewModels\Bookmyslot.Api.SlotScheduler.ViewModels.csproj", "{8755D11C-8420-4EDF-B283-943EA6B2FE5E}"
EndProject
Project("{9A19103F-16F7-4668-BE54-9A1E7A4F7556}") = "Bookmyslot.Api.Customers.Repositories.MySql", "Customers\Bookmyslot.Api.Customers.Repositories.MySql\Bookmyslot.Api.Customers.Repositories.MySql.csproj", "{29BF5B5C-E1B0-40B1-BF7D-3481F0839CBA}"
EndProject
Project("{9A19103F-16F7-4668-BE54-9A1E7A4F7556}") = "Bookmyslot.Api.SlotScheduler.Repositories.MySql", "SlotScheduler\Bookmyslot.Api.SlotScheduler.Repositories.MySql\Bookmyslot.Api.SlotScheduler.Repositories.MySql.csproj", "{B1239B62-0EE9-450B-BF82-1F08C6AB430F}"
EndProject
Project("{2150E333-8FDC-42A3-9474-1A3956D46DE8}") = "NodaTime", "NodaTime", "{52155095-B52C-4C1F-95AB-BF183B6A0FAD}"
EndProject
Project("{9A19103F-16F7-4668-BE54-9A1E7A4F7556}") = "Bookmyslot.Api.NodaTime.Contracts", "NodaTime\Bookmyslot.Api.NodaTime.Contracts\Bookmyslot.Api.NodaTime.Contracts.csproj", "{D76913A1-71DD-4FEF-AC45-2010134936A0}"
EndProject
Project("{9A19103F-16F7-4668-BE54-9A1E7A4F7556}") = "Bookmyslot.Api.NodaTime.Business", "NodaTime\Bookmyslot.Api.NodaTime.Business\Bookmyslot.Api.NodaTime.Business.csproj", "{99A2580C-15CF-4576-8629-67F24107E441}"
EndProject
Project("{2150E333-8FDC-42A3-9474-1A3956D46DE8}") = "Tests", "Tests", "{4782A67A-851E-4A7A-A959-93514EBB9B1E}"
EndProject
Project("{9A19103F-16F7-4668-BE54-9A1E7A4F7556}") = "Bookmyslot.Api.NodaTime.BusinessTests", "NodaTime\Tests\Bookmyslot.Api.NodaTime.BusinessTests\Bookmyslot.Api.NodaTime.BusinessTests.csproj", "{8D157482-1944-4780-BE27-F8514287264D}"
EndProject
Project("{2150E333-8FDC-42A3-9474-1A3956D46DE8}") = "RegressionTests", "RegressionTests", "{F6E02200-C026-4487-886B-E47240623B2D}"
EndProject
Project("{9A19103F-16F7-4668-BE54-9A1E7A4F7556}") = "Bookmyslot.Api.Customers.Emails.RegressionTests", "Customers\Bookmyslot.Api.Customers.Emails.RegressionTests\Bookmyslot.Api.Customers.Emails.RegressionTests.csproj", "{3E5B991E-2434-4534-878F-09A1540567EC}"
EndProject
Project("{9A19103F-16F7-4668-BE54-9A1E7A4F7556}") = "Bookmyslot.Api.Search.Repositories.Tests", "Search\Tests\Bookmyslot.Api.Search.Repositories.Tests\Bookmyslot.Api.Search.Repositories.Tests.csproj", "{BC5DEC87-7B61-484C-96D8-E48B21361C32}"
EndProject
Project("{2150E333-8FDC-42A3-9474-1A3956D46DE8}") = "Azure", "Azure", "{14BA1D7E-64E3-4A69-9CA3-EE5AD8FB145C}"
EndProject
Project("{9A19103F-16F7-4668-BE54-9A1E7A4F7556}") = "Bookmyslot.Api.Azure.Repositories", "Azure\Bookmyslot.Api.Azure.Repositories\Bookmyslot.Api.Azure.Repositories.csproj", "{A1D89EC3-267B-4E68-A8C8-381A429C8A42}"
EndProject
Project("{2150E333-8FDC-42A3-9474-1A3956D46DE8}") = "File", "File", "{22F4E493-8232-4D1B-967D-7F91DF366BFC}"
EndProject
Project("{9A19103F-16F7-4668-BE54-9A1E7A4F7556}") = "Bookmyslot.Api.File.Contracts", "File\Bookmyslot.Api.File.Contracts\Bookmyslot.Api.File.Contracts.csproj", "{06C1E7BC-861F-4B2F-93FE-067F990F56C5}"
EndProject
Project("{9A19103F-16F7-4668-BE54-9A1E7A4F7556}") = "Bookmyslot.Api.File.Business", "File\Bookmyslot.Api.File.Business\Bookmyslot.Api.File.Business.csproj", "{96AC7BCC-62D6-4E5F-B147-25733E10323B}"
EndProject
Project("{9A19103F-16F7-4668-BE54-9A1E7A4F7556}") = "Bookmyslot.Api.Azure.Contracts", "Azure\Bookmyslot.Api.Azure.Contracts\Bookmyslot.Api.Azure.Contracts.csproj", "{0EF8DBC6-AF02-440E-8828-4BD12E2CB74D}"
EndProject
Project("{2150E333-8FDC-42A3-9474-1A3956D46DE8}") = "Tests", "Tests", "{A33A79AC-B436-4725-B9C4-04560CA3BFAD}"
EndProject
Project("{9A19103F-16F7-4668-BE54-9A1E7A4F7556}") = "Bookmyslot.Api.File.BusinessTests", "File\Tests\Bookmyslot.Api.File.BusinessTests\Bookmyslot.Api.File.BusinessTests.csproj", "{18EE4776-3202-4692-A6A1-64FC9BD78F0B}"
EndProject
Project("{9A19103F-16F7-4668-BE54-9A1E7A4F7556}") = "Bookmyslot.Api.File.ViewModels", "File\Bookmyslot.Api.File.ViewModels\Bookmyslot.Api.File.ViewModels.csproj", "{B8C1FBC8-A7A2-4D44-9FB2-9E7CA3F59D99}"
EndProject
Project("{9A19103F-16F7-4668-BE54-9A1E7A4F7556}") = "Bookmyslot.Api.Authentication.ViewModels", "Authentication\Bookmyslot.Api.Authentication.ViewModels\Bookmyslot.Api.Authentication.ViewModels.csproj", "{BF7C6886-B4AB-4463-B8C5-BDBB64EBF351}"
EndProject
Project("{9A19103F-16F7-4668-BE54-9A1E7A4F7556}") = "Bookmyslot.Api.Common.Encryption", "Common\Bookmyslot.Api.Common.Encryption\Bookmyslot.Api.Common.Encryption.csproj", "{72CAFF4F-69A1-4FDC-9BDF-E6F589D4616F}"
EndProject
Project("{9A19103F-16F7-4668-BE54-9A1E7A4F7556}") = "Bookmyslot.Api.SlotScheduler.ViewModels.Tests", "SlotScheduler\Bookmyslot.Api.SlotScheduler.ViewModels.Tests\Bookmyslot.Api.SlotScheduler.ViewModels.Tests.csproj", "{1FE44750-07E4-487D-AFA0-81E1E7BEB289}"
EndProject
Project("{9A19103F-16F7-4668-BE54-9A1E7A4F7556}") = "Bookmyslot.Api.Customers.ViewModels.Tests", "Customers\Bookmyslot.Api.Customers.ViewModels.Tests\Bookmyslot.Api.Customers.ViewModels.Tests.csproj", "{EA7DF494-19AA-42B8-B8D5-96DD8F8B6967}"
EndProject
Project("{FAE04EC0-301F-11D3-BF4B-00C04F79EFBC}") = "Bookmyslot.Api.Customers.Domain", "Customers\Bookmyslot.Api.Customers.Domain\Bookmyslot.Api.Customers.Domain.csproj", "{5A147327-A5C0-4993-936F-2B7EC4425D2C}"
EndProject
Project("{FAE04EC0-301F-11D3-BF4B-00C04F79EFBC}") = "Bookmyslot.Api.SlotScheduler.Domain", "SlotScheduler\Bookmyslot.Api.SlotScheduler.Domain\Bookmyslot.Api.SlotScheduler.Domain.csproj", "{13F10E0B-696D-4AD3-BBBE-A580FED288A7}"
EndProject
Global
	GlobalSection(SolutionConfigurationPlatforms) = preSolution
		Debug|Any CPU = Debug|Any CPU
		Release|Any CPU = Release|Any CPU
	EndGlobalSection
	GlobalSection(ProjectConfigurationPlatforms) = postSolution
		{4591E24B-89B2-42A9-B110-6F22C9D8F18E}.Debug|Any CPU.ActiveCfg = Debug|Any CPU
		{4591E24B-89B2-42A9-B110-6F22C9D8F18E}.Debug|Any CPU.Build.0 = Debug|Any CPU
		{4591E24B-89B2-42A9-B110-6F22C9D8F18E}.Release|Any CPU.ActiveCfg = Release|Any CPU
		{4591E24B-89B2-42A9-B110-6F22C9D8F18E}.Release|Any CPU.Build.0 = Release|Any CPU
		{858307D8-7D03-4820-8B1E-C60042EE17FE}.Debug|Any CPU.ActiveCfg = Debug|Any CPU
		{858307D8-7D03-4820-8B1E-C60042EE17FE}.Debug|Any CPU.Build.0 = Debug|Any CPU
		{858307D8-7D03-4820-8B1E-C60042EE17FE}.Release|Any CPU.ActiveCfg = Release|Any CPU
		{858307D8-7D03-4820-8B1E-C60042EE17FE}.Release|Any CPU.Build.0 = Release|Any CPU
		{54472D2E-9715-432E-A9EC-A13FC1CA954F}.Debug|Any CPU.ActiveCfg = Debug|Any CPU
		{54472D2E-9715-432E-A9EC-A13FC1CA954F}.Debug|Any CPU.Build.0 = Debug|Any CPU
		{54472D2E-9715-432E-A9EC-A13FC1CA954F}.Release|Any CPU.ActiveCfg = Release|Any CPU
		{54472D2E-9715-432E-A9EC-A13FC1CA954F}.Release|Any CPU.Build.0 = Release|Any CPU
		{DD5C1B2C-EB95-4117-8183-4D17A08C4A1D}.Debug|Any CPU.ActiveCfg = Debug|Any CPU
		{DD5C1B2C-EB95-4117-8183-4D17A08C4A1D}.Debug|Any CPU.Build.0 = Debug|Any CPU
		{DD5C1B2C-EB95-4117-8183-4D17A08C4A1D}.Release|Any CPU.ActiveCfg = Release|Any CPU
		{DD5C1B2C-EB95-4117-8183-4D17A08C4A1D}.Release|Any CPU.Build.0 = Release|Any CPU
		{B6B3205A-9C0F-4CC8-A480-192D4870EBE6}.Debug|Any CPU.ActiveCfg = Debug|Any CPU
		{B6B3205A-9C0F-4CC8-A480-192D4870EBE6}.Debug|Any CPU.Build.0 = Debug|Any CPU
		{B6B3205A-9C0F-4CC8-A480-192D4870EBE6}.Release|Any CPU.ActiveCfg = Release|Any CPU
		{B6B3205A-9C0F-4CC8-A480-192D4870EBE6}.Release|Any CPU.Build.0 = Release|Any CPU
		{2FC88F37-3CE6-4935-BA13-286257D3097C}.Debug|Any CPU.ActiveCfg = Debug|Any CPU
		{2FC88F37-3CE6-4935-BA13-286257D3097C}.Debug|Any CPU.Build.0 = Debug|Any CPU
		{2FC88F37-3CE6-4935-BA13-286257D3097C}.Release|Any CPU.ActiveCfg = Release|Any CPU
		{2FC88F37-3CE6-4935-BA13-286257D3097C}.Release|Any CPU.Build.0 = Release|Any CPU
		{DC0DC779-7F5E-4B56-B8A4-41AF4F5745E5}.Debug|Any CPU.ActiveCfg = Debug|Any CPU
		{DC0DC779-7F5E-4B56-B8A4-41AF4F5745E5}.Debug|Any CPU.Build.0 = Debug|Any CPU
		{DC0DC779-7F5E-4B56-B8A4-41AF4F5745E5}.Release|Any CPU.ActiveCfg = Release|Any CPU
		{DC0DC779-7F5E-4B56-B8A4-41AF4F5745E5}.Release|Any CPU.Build.0 = Release|Any CPU
		{B4A5ADA8-1C80-4DF8-8BF7-3C9C8AC1AF55}.Debug|Any CPU.ActiveCfg = Debug|Any CPU
		{B4A5ADA8-1C80-4DF8-8BF7-3C9C8AC1AF55}.Debug|Any CPU.Build.0 = Debug|Any CPU
		{B4A5ADA8-1C80-4DF8-8BF7-3C9C8AC1AF55}.Release|Any CPU.ActiveCfg = Release|Any CPU
		{B4A5ADA8-1C80-4DF8-8BF7-3C9C8AC1AF55}.Release|Any CPU.Build.0 = Release|Any CPU
		{8AD6FB1D-4520-4677-A912-4859B9D52BD0}.Debug|Any CPU.ActiveCfg = Debug|Any CPU
		{8AD6FB1D-4520-4677-A912-4859B9D52BD0}.Debug|Any CPU.Build.0 = Debug|Any CPU
		{8AD6FB1D-4520-4677-A912-4859B9D52BD0}.Release|Any CPU.ActiveCfg = Release|Any CPU
		{8AD6FB1D-4520-4677-A912-4859B9D52BD0}.Release|Any CPU.Build.0 = Release|Any CPU
		{E1C3E811-D40B-42C6-903F-67BCC02A7A5C}.Debug|Any CPU.ActiveCfg = Debug|Any CPU
		{E1C3E811-D40B-42C6-903F-67BCC02A7A5C}.Debug|Any CPU.Build.0 = Debug|Any CPU
		{E1C3E811-D40B-42C6-903F-67BCC02A7A5C}.Release|Any CPU.ActiveCfg = Release|Any CPU
		{E1C3E811-D40B-42C6-903F-67BCC02A7A5C}.Release|Any CPU.Build.0 = Release|Any CPU
		{8DB47417-DF4E-4599-B10E-4DBB63022C9D}.Debug|Any CPU.ActiveCfg = Debug|Any CPU
		{8DB47417-DF4E-4599-B10E-4DBB63022C9D}.Debug|Any CPU.Build.0 = Debug|Any CPU
		{8DB47417-DF4E-4599-B10E-4DBB63022C9D}.Release|Any CPU.ActiveCfg = Release|Any CPU
		{8DB47417-DF4E-4599-B10E-4DBB63022C9D}.Release|Any CPU.Build.0 = Release|Any CPU
		{AB3D66BE-63B4-49C3-89FD-5AAF784F46FF}.Debug|Any CPU.ActiveCfg = Debug|Any CPU
		{AB3D66BE-63B4-49C3-89FD-5AAF784F46FF}.Debug|Any CPU.Build.0 = Debug|Any CPU
		{AB3D66BE-63B4-49C3-89FD-5AAF784F46FF}.Release|Any CPU.ActiveCfg = Release|Any CPU
		{AB3D66BE-63B4-49C3-89FD-5AAF784F46FF}.Release|Any CPU.Build.0 = Release|Any CPU
		{19663071-0FCB-48A9-BCC7-28CADD69B6DF}.Debug|Any CPU.ActiveCfg = Debug|Any CPU
		{19663071-0FCB-48A9-BCC7-28CADD69B6DF}.Debug|Any CPU.Build.0 = Debug|Any CPU
		{19663071-0FCB-48A9-BCC7-28CADD69B6DF}.Release|Any CPU.ActiveCfg = Release|Any CPU
		{19663071-0FCB-48A9-BCC7-28CADD69B6DF}.Release|Any CPU.Build.0 = Release|Any CPU
		{B07C21C9-65C7-4F27-9B62-458331441646}.Debug|Any CPU.ActiveCfg = Debug|Any CPU
		{B07C21C9-65C7-4F27-9B62-458331441646}.Debug|Any CPU.Build.0 = Debug|Any CPU
		{B07C21C9-65C7-4F27-9B62-458331441646}.Release|Any CPU.ActiveCfg = Release|Any CPU
		{B07C21C9-65C7-4F27-9B62-458331441646}.Release|Any CPU.Build.0 = Release|Any CPU
		{641CECB3-2E5C-49A2-97CC-8FEEE04F9CAF}.Debug|Any CPU.ActiveCfg = Debug|Any CPU
		{641CECB3-2E5C-49A2-97CC-8FEEE04F9CAF}.Debug|Any CPU.Build.0 = Debug|Any CPU
		{641CECB3-2E5C-49A2-97CC-8FEEE04F9CAF}.Release|Any CPU.ActiveCfg = Release|Any CPU
		{641CECB3-2E5C-49A2-97CC-8FEEE04F9CAF}.Release|Any CPU.Build.0 = Release|Any CPU
		{60EF7622-E55A-4236-9F07-8E630A3F355C}.Debug|Any CPU.ActiveCfg = Debug|Any CPU
		{60EF7622-E55A-4236-9F07-8E630A3F355C}.Debug|Any CPU.Build.0 = Debug|Any CPU
		{60EF7622-E55A-4236-9F07-8E630A3F355C}.Release|Any CPU.ActiveCfg = Release|Any CPU
		{60EF7622-E55A-4236-9F07-8E630A3F355C}.Release|Any CPU.Build.0 = Release|Any CPU
		{1A480560-3F55-4BFE-A255-24F998AABC6F}.Debug|Any CPU.ActiveCfg = Debug|Any CPU
		{1A480560-3F55-4BFE-A255-24F998AABC6F}.Debug|Any CPU.Build.0 = Debug|Any CPU
		{1A480560-3F55-4BFE-A255-24F998AABC6F}.Release|Any CPU.ActiveCfg = Release|Any CPU
		{1A480560-3F55-4BFE-A255-24F998AABC6F}.Release|Any CPU.Build.0 = Release|Any CPU
		{BCFB7A83-7DF3-4F2F-9BA5-028A6F58E445}.Debug|Any CPU.ActiveCfg = Debug|Any CPU
		{BCFB7A83-7DF3-4F2F-9BA5-028A6F58E445}.Debug|Any CPU.Build.0 = Debug|Any CPU
		{BCFB7A83-7DF3-4F2F-9BA5-028A6F58E445}.Release|Any CPU.ActiveCfg = Release|Any CPU
		{BCFB7A83-7DF3-4F2F-9BA5-028A6F58E445}.Release|Any CPU.Build.0 = Release|Any CPU
		{B6207C3E-A48F-4D08-81A6-EC10B3564BBF}.Debug|Any CPU.ActiveCfg = Debug|Any CPU
		{B6207C3E-A48F-4D08-81A6-EC10B3564BBF}.Debug|Any CPU.Build.0 = Debug|Any CPU
		{B6207C3E-A48F-4D08-81A6-EC10B3564BBF}.Release|Any CPU.ActiveCfg = Release|Any CPU
		{B6207C3E-A48F-4D08-81A6-EC10B3564BBF}.Release|Any CPU.Build.0 = Release|Any CPU
		{DCBD9BAB-73EC-4FB4-800D-DD51E05E3C68}.Debug|Any CPU.ActiveCfg = Debug|Any CPU
		{DCBD9BAB-73EC-4FB4-800D-DD51E05E3C68}.Debug|Any CPU.Build.0 = Debug|Any CPU
		{DCBD9BAB-73EC-4FB4-800D-DD51E05E3C68}.Release|Any CPU.ActiveCfg = Release|Any CPU
		{DCBD9BAB-73EC-4FB4-800D-DD51E05E3C68}.Release|Any CPU.Build.0 = Release|Any CPU
		{9DF7AB26-0377-45E6-9E28-A91D44B56842}.Debug|Any CPU.ActiveCfg = Debug|Any CPU
		{9DF7AB26-0377-45E6-9E28-A91D44B56842}.Debug|Any CPU.Build.0 = Debug|Any CPU
		{9DF7AB26-0377-45E6-9E28-A91D44B56842}.Release|Any CPU.ActiveCfg = Release|Any CPU
		{9DF7AB26-0377-45E6-9E28-A91D44B56842}.Release|Any CPU.Build.0 = Release|Any CPU
		{2F2B6B50-5147-4049-95E4-80E0B59D9667}.Debug|Any CPU.ActiveCfg = Debug|Any CPU
		{2F2B6B50-5147-4049-95E4-80E0B59D9667}.Debug|Any CPU.Build.0 = Debug|Any CPU
		{2F2B6B50-5147-4049-95E4-80E0B59D9667}.Release|Any CPU.ActiveCfg = Release|Any CPU
		{2F2B6B50-5147-4049-95E4-80E0B59D9667}.Release|Any CPU.Build.0 = Release|Any CPU
		{AFF0C6C6-6829-4D54-87F0-C3F954566D17}.Debug|Any CPU.ActiveCfg = Debug|Any CPU
		{AFF0C6C6-6829-4D54-87F0-C3F954566D17}.Debug|Any CPU.Build.0 = Debug|Any CPU
		{AFF0C6C6-6829-4D54-87F0-C3F954566D17}.Release|Any CPU.ActiveCfg = Release|Any CPU
		{AFF0C6C6-6829-4D54-87F0-C3F954566D17}.Release|Any CPU.Build.0 = Release|Any CPU
		{CCE4294C-4314-4838-A81A-21D352177084}.Debug|Any CPU.ActiveCfg = Debug|Any CPU
		{CCE4294C-4314-4838-A81A-21D352177084}.Debug|Any CPU.Build.0 = Debug|Any CPU
		{CCE4294C-4314-4838-A81A-21D352177084}.Release|Any CPU.ActiveCfg = Release|Any CPU
		{CCE4294C-4314-4838-A81A-21D352177084}.Release|Any CPU.Build.0 = Release|Any CPU
		{28281783-CE12-46F3-80C0-346BE6AB7FD6}.Debug|Any CPU.ActiveCfg = Debug|Any CPU
		{28281783-CE12-46F3-80C0-346BE6AB7FD6}.Debug|Any CPU.Build.0 = Debug|Any CPU
		{28281783-CE12-46F3-80C0-346BE6AB7FD6}.Release|Any CPU.ActiveCfg = Release|Any CPU
		{28281783-CE12-46F3-80C0-346BE6AB7FD6}.Release|Any CPU.Build.0 = Release|Any CPU
		{68B941FA-0D69-4D36-96FF-7D129FC1A775}.Debug|Any CPU.ActiveCfg = Debug|Any CPU
		{68B941FA-0D69-4D36-96FF-7D129FC1A775}.Debug|Any CPU.Build.0 = Debug|Any CPU
		{68B941FA-0D69-4D36-96FF-7D129FC1A775}.Release|Any CPU.ActiveCfg = Release|Any CPU
		{68B941FA-0D69-4D36-96FF-7D129FC1A775}.Release|Any CPU.Build.0 = Release|Any CPU
		{93202024-6F5B-48BE-BC08-B82BD84395B5}.Debug|Any CPU.ActiveCfg = Debug|Any CPU
		{93202024-6F5B-48BE-BC08-B82BD84395B5}.Debug|Any CPU.Build.0 = Debug|Any CPU
		{93202024-6F5B-48BE-BC08-B82BD84395B5}.Release|Any CPU.ActiveCfg = Release|Any CPU
		{93202024-6F5B-48BE-BC08-B82BD84395B5}.Release|Any CPU.Build.0 = Release|Any CPU
		{CE045C6E-6D75-4A5A-B7D7-2BF8AC90EEBC}.Debug|Any CPU.ActiveCfg = Debug|Any CPU
		{CE045C6E-6D75-4A5A-B7D7-2BF8AC90EEBC}.Debug|Any CPU.Build.0 = Debug|Any CPU
		{CE045C6E-6D75-4A5A-B7D7-2BF8AC90EEBC}.Release|Any CPU.ActiveCfg = Release|Any CPU
		{CE045C6E-6D75-4A5A-B7D7-2BF8AC90EEBC}.Release|Any CPU.Build.0 = Release|Any CPU
		{28FA301E-5882-4659-80DF-813A0F73978B}.Debug|Any CPU.ActiveCfg = Debug|Any CPU
		{28FA301E-5882-4659-80DF-813A0F73978B}.Debug|Any CPU.Build.0 = Debug|Any CPU
		{28FA301E-5882-4659-80DF-813A0F73978B}.Release|Any CPU.ActiveCfg = Release|Any CPU
		{28FA301E-5882-4659-80DF-813A0F73978B}.Release|Any CPU.Build.0 = Release|Any CPU
		{9576D380-0609-4345-A656-A0DFE33DEA65}.Debug|Any CPU.ActiveCfg = Debug|Any CPU
		{9576D380-0609-4345-A656-A0DFE33DEA65}.Debug|Any CPU.Build.0 = Debug|Any CPU
		{9576D380-0609-4345-A656-A0DFE33DEA65}.Release|Any CPU.ActiveCfg = Release|Any CPU
		{9576D380-0609-4345-A656-A0DFE33DEA65}.Release|Any CPU.Build.0 = Release|Any CPU
		{3B3AE5F7-9B1A-4800-B510-803AC1ABFF26}.Debug|Any CPU.ActiveCfg = Debug|Any CPU
		{3B3AE5F7-9B1A-4800-B510-803AC1ABFF26}.Debug|Any CPU.Build.0 = Debug|Any CPU
		{3B3AE5F7-9B1A-4800-B510-803AC1ABFF26}.Release|Any CPU.ActiveCfg = Release|Any CPU
		{3B3AE5F7-9B1A-4800-B510-803AC1ABFF26}.Release|Any CPU.Build.0 = Release|Any CPU
		{8A29450C-DF96-4F5C-9678-EC2D05CFE63F}.Debug|Any CPU.ActiveCfg = Debug|Any CPU
		{8A29450C-DF96-4F5C-9678-EC2D05CFE63F}.Debug|Any CPU.Build.0 = Debug|Any CPU
		{8A29450C-DF96-4F5C-9678-EC2D05CFE63F}.Release|Any CPU.ActiveCfg = Release|Any CPU
		{8A29450C-DF96-4F5C-9678-EC2D05CFE63F}.Release|Any CPU.Build.0 = Release|Any CPU
		{A5A000BA-7958-4A36-96D0-A55A7B57591C}.Debug|Any CPU.ActiveCfg = Debug|Any CPU
		{A5A000BA-7958-4A36-96D0-A55A7B57591C}.Debug|Any CPU.Build.0 = Debug|Any CPU
		{A5A000BA-7958-4A36-96D0-A55A7B57591C}.Release|Any CPU.ActiveCfg = Release|Any CPU
		{A5A000BA-7958-4A36-96D0-A55A7B57591C}.Release|Any CPU.Build.0 = Release|Any CPU
		{F4967DFB-4C36-423C-A144-B5905554B20D}.Debug|Any CPU.ActiveCfg = Debug|Any CPU
		{F4967DFB-4C36-423C-A144-B5905554B20D}.Debug|Any CPU.Build.0 = Debug|Any CPU
		{F4967DFB-4C36-423C-A144-B5905554B20D}.Release|Any CPU.ActiveCfg = Release|Any CPU
		{F4967DFB-4C36-423C-A144-B5905554B20D}.Release|Any CPU.Build.0 = Release|Any CPU
		{870122E8-C941-4C20-8B57-C8B96267250A}.Debug|Any CPU.ActiveCfg = Debug|Any CPU
		{870122E8-C941-4C20-8B57-C8B96267250A}.Debug|Any CPU.Build.0 = Debug|Any CPU
		{870122E8-C941-4C20-8B57-C8B96267250A}.Release|Any CPU.ActiveCfg = Release|Any CPU
		{870122E8-C941-4C20-8B57-C8B96267250A}.Release|Any CPU.Build.0 = Release|Any CPU
		{B57AA492-624B-450D-9E5B-F3EAACBE5C97}.Debug|Any CPU.ActiveCfg = Debug|Any CPU
		{B57AA492-624B-450D-9E5B-F3EAACBE5C97}.Debug|Any CPU.Build.0 = Debug|Any CPU
		{B57AA492-624B-450D-9E5B-F3EAACBE5C97}.Release|Any CPU.ActiveCfg = Release|Any CPU
		{B57AA492-624B-450D-9E5B-F3EAACBE5C97}.Release|Any CPU.Build.0 = Release|Any CPU
		{6F38AD5D-1B41-4EF1-B6E3-A153F9AF497F}.Debug|Any CPU.ActiveCfg = Debug|Any CPU
		{6F38AD5D-1B41-4EF1-B6E3-A153F9AF497F}.Debug|Any CPU.Build.0 = Debug|Any CPU
		{6F38AD5D-1B41-4EF1-B6E3-A153F9AF497F}.Release|Any CPU.ActiveCfg = Release|Any CPU
		{6F38AD5D-1B41-4EF1-B6E3-A153F9AF497F}.Release|Any CPU.Build.0 = Release|Any CPU
		{443A3B0E-235F-4CEC-8F31-C16D7BB59F87}.Debug|Any CPU.ActiveCfg = Debug|Any CPU
		{443A3B0E-235F-4CEC-8F31-C16D7BB59F87}.Debug|Any CPU.Build.0 = Debug|Any CPU
		{443A3B0E-235F-4CEC-8F31-C16D7BB59F87}.Release|Any CPU.ActiveCfg = Release|Any CPU
		{443A3B0E-235F-4CEC-8F31-C16D7BB59F87}.Release|Any CPU.Build.0 = Release|Any CPU
		{D24651F0-F765-4F31-A624-616C97D5BA39}.Debug|Any CPU.ActiveCfg = Debug|Any CPU
		{D24651F0-F765-4F31-A624-616C97D5BA39}.Debug|Any CPU.Build.0 = Debug|Any CPU
		{D24651F0-F765-4F31-A624-616C97D5BA39}.Release|Any CPU.ActiveCfg = Release|Any CPU
		{D24651F0-F765-4F31-A624-616C97D5BA39}.Release|Any CPU.Build.0 = Release|Any CPU
		{39D2D2C7-502B-40A6-8171-67D2AEFD4FEF}.Debug|Any CPU.ActiveCfg = Debug|Any CPU
		{39D2D2C7-502B-40A6-8171-67D2AEFD4FEF}.Debug|Any CPU.Build.0 = Debug|Any CPU
		{39D2D2C7-502B-40A6-8171-67D2AEFD4FEF}.Release|Any CPU.ActiveCfg = Release|Any CPU
		{39D2D2C7-502B-40A6-8171-67D2AEFD4FEF}.Release|Any CPU.Build.0 = Release|Any CPU
		{8755D11C-8420-4EDF-B283-943EA6B2FE5E}.Debug|Any CPU.ActiveCfg = Debug|Any CPU
		{8755D11C-8420-4EDF-B283-943EA6B2FE5E}.Debug|Any CPU.Build.0 = Debug|Any CPU
		{8755D11C-8420-4EDF-B283-943EA6B2FE5E}.Release|Any CPU.ActiveCfg = Release|Any CPU
		{8755D11C-8420-4EDF-B283-943EA6B2FE5E}.Release|Any CPU.Build.0 = Release|Any CPU
		{29BF5B5C-E1B0-40B1-BF7D-3481F0839CBA}.Debug|Any CPU.ActiveCfg = Debug|Any CPU
		{29BF5B5C-E1B0-40B1-BF7D-3481F0839CBA}.Debug|Any CPU.Build.0 = Debug|Any CPU
		{29BF5B5C-E1B0-40B1-BF7D-3481F0839CBA}.Release|Any CPU.ActiveCfg = Release|Any CPU
		{29BF5B5C-E1B0-40B1-BF7D-3481F0839CBA}.Release|Any CPU.Build.0 = Release|Any CPU
		{B1239B62-0EE9-450B-BF82-1F08C6AB430F}.Debug|Any CPU.ActiveCfg = Debug|Any CPU
		{B1239B62-0EE9-450B-BF82-1F08C6AB430F}.Debug|Any CPU.Build.0 = Debug|Any CPU
		{B1239B62-0EE9-450B-BF82-1F08C6AB430F}.Release|Any CPU.ActiveCfg = Release|Any CPU
		{B1239B62-0EE9-450B-BF82-1F08C6AB430F}.Release|Any CPU.Build.0 = Release|Any CPU
		{D76913A1-71DD-4FEF-AC45-2010134936A0}.Debug|Any CPU.ActiveCfg = Debug|Any CPU
		{D76913A1-71DD-4FEF-AC45-2010134936A0}.Debug|Any CPU.Build.0 = Debug|Any CPU
		{D76913A1-71DD-4FEF-AC45-2010134936A0}.Release|Any CPU.ActiveCfg = Release|Any CPU
		{D76913A1-71DD-4FEF-AC45-2010134936A0}.Release|Any CPU.Build.0 = Release|Any CPU
		{99A2580C-15CF-4576-8629-67F24107E441}.Debug|Any CPU.ActiveCfg = Debug|Any CPU
		{99A2580C-15CF-4576-8629-67F24107E441}.Debug|Any CPU.Build.0 = Debug|Any CPU
		{99A2580C-15CF-4576-8629-67F24107E441}.Release|Any CPU.ActiveCfg = Release|Any CPU
		{99A2580C-15CF-4576-8629-67F24107E441}.Release|Any CPU.Build.0 = Release|Any CPU
		{8D157482-1944-4780-BE27-F8514287264D}.Debug|Any CPU.ActiveCfg = Debug|Any CPU
		{8D157482-1944-4780-BE27-F8514287264D}.Debug|Any CPU.Build.0 = Debug|Any CPU
		{8D157482-1944-4780-BE27-F8514287264D}.Release|Any CPU.ActiveCfg = Release|Any CPU
		{8D157482-1944-4780-BE27-F8514287264D}.Release|Any CPU.Build.0 = Release|Any CPU
		{3E5B991E-2434-4534-878F-09A1540567EC}.Debug|Any CPU.ActiveCfg = Debug|Any CPU
		{3E5B991E-2434-4534-878F-09A1540567EC}.Debug|Any CPU.Build.0 = Debug|Any CPU
		{3E5B991E-2434-4534-878F-09A1540567EC}.Release|Any CPU.ActiveCfg = Release|Any CPU
		{3E5B991E-2434-4534-878F-09A1540567EC}.Release|Any CPU.Build.0 = Release|Any CPU
		{BC5DEC87-7B61-484C-96D8-E48B21361C32}.Debug|Any CPU.ActiveCfg = Debug|Any CPU
		{BC5DEC87-7B61-484C-96D8-E48B21361C32}.Debug|Any CPU.Build.0 = Debug|Any CPU
		{BC5DEC87-7B61-484C-96D8-E48B21361C32}.Release|Any CPU.ActiveCfg = Release|Any CPU
		{BC5DEC87-7B61-484C-96D8-E48B21361C32}.Release|Any CPU.Build.0 = Release|Any CPU
		{A1D89EC3-267B-4E68-A8C8-381A429C8A42}.Debug|Any CPU.ActiveCfg = Debug|Any CPU
		{A1D89EC3-267B-4E68-A8C8-381A429C8A42}.Debug|Any CPU.Build.0 = Debug|Any CPU
		{A1D89EC3-267B-4E68-A8C8-381A429C8A42}.Release|Any CPU.ActiveCfg = Release|Any CPU
		{A1D89EC3-267B-4E68-A8C8-381A429C8A42}.Release|Any CPU.Build.0 = Release|Any CPU
		{06C1E7BC-861F-4B2F-93FE-067F990F56C5}.Debug|Any CPU.ActiveCfg = Debug|Any CPU
		{06C1E7BC-861F-4B2F-93FE-067F990F56C5}.Debug|Any CPU.Build.0 = Debug|Any CPU
		{06C1E7BC-861F-4B2F-93FE-067F990F56C5}.Release|Any CPU.ActiveCfg = Release|Any CPU
		{06C1E7BC-861F-4B2F-93FE-067F990F56C5}.Release|Any CPU.Build.0 = Release|Any CPU
		{96AC7BCC-62D6-4E5F-B147-25733E10323B}.Debug|Any CPU.ActiveCfg = Debug|Any CPU
		{96AC7BCC-62D6-4E5F-B147-25733E10323B}.Debug|Any CPU.Build.0 = Debug|Any CPU
		{96AC7BCC-62D6-4E5F-B147-25733E10323B}.Release|Any CPU.ActiveCfg = Release|Any CPU
		{96AC7BCC-62D6-4E5F-B147-25733E10323B}.Release|Any CPU.Build.0 = Release|Any CPU
		{0EF8DBC6-AF02-440E-8828-4BD12E2CB74D}.Debug|Any CPU.ActiveCfg = Debug|Any CPU
		{0EF8DBC6-AF02-440E-8828-4BD12E2CB74D}.Debug|Any CPU.Build.0 = Debug|Any CPU
		{0EF8DBC6-AF02-440E-8828-4BD12E2CB74D}.Release|Any CPU.ActiveCfg = Release|Any CPU
		{0EF8DBC6-AF02-440E-8828-4BD12E2CB74D}.Release|Any CPU.Build.0 = Release|Any CPU
		{18EE4776-3202-4692-A6A1-64FC9BD78F0B}.Debug|Any CPU.ActiveCfg = Debug|Any CPU
		{18EE4776-3202-4692-A6A1-64FC9BD78F0B}.Debug|Any CPU.Build.0 = Debug|Any CPU
		{18EE4776-3202-4692-A6A1-64FC9BD78F0B}.Release|Any CPU.ActiveCfg = Release|Any CPU
		{18EE4776-3202-4692-A6A1-64FC9BD78F0B}.Release|Any CPU.Build.0 = Release|Any CPU
		{B8C1FBC8-A7A2-4D44-9FB2-9E7CA3F59D99}.Debug|Any CPU.ActiveCfg = Debug|Any CPU
		{B8C1FBC8-A7A2-4D44-9FB2-9E7CA3F59D99}.Debug|Any CPU.Build.0 = Debug|Any CPU
		{B8C1FBC8-A7A2-4D44-9FB2-9E7CA3F59D99}.Release|Any CPU.ActiveCfg = Release|Any CPU
		{B8C1FBC8-A7A2-4D44-9FB2-9E7CA3F59D99}.Release|Any CPU.Build.0 = Release|Any CPU
		{BF7C6886-B4AB-4463-B8C5-BDBB64EBF351}.Debug|Any CPU.ActiveCfg = Debug|Any CPU
		{BF7C6886-B4AB-4463-B8C5-BDBB64EBF351}.Debug|Any CPU.Build.0 = Debug|Any CPU
		{BF7C6886-B4AB-4463-B8C5-BDBB64EBF351}.Release|Any CPU.ActiveCfg = Release|Any CPU
		{BF7C6886-B4AB-4463-B8C5-BDBB64EBF351}.Release|Any CPU.Build.0 = Release|Any CPU
		{72CAFF4F-69A1-4FDC-9BDF-E6F589D4616F}.Debug|Any CPU.ActiveCfg = Debug|Any CPU
		{72CAFF4F-69A1-4FDC-9BDF-E6F589D4616F}.Debug|Any CPU.Build.0 = Debug|Any CPU
		{72CAFF4F-69A1-4FDC-9BDF-E6F589D4616F}.Release|Any CPU.ActiveCfg = Release|Any CPU
		{72CAFF4F-69A1-4FDC-9BDF-E6F589D4616F}.Release|Any CPU.Build.0 = Release|Any CPU
		{1FE44750-07E4-487D-AFA0-81E1E7BEB289}.Debug|Any CPU.ActiveCfg = Debug|Any CPU
		{1FE44750-07E4-487D-AFA0-81E1E7BEB289}.Debug|Any CPU.Build.0 = Debug|Any CPU
		{1FE44750-07E4-487D-AFA0-81E1E7BEB289}.Release|Any CPU.ActiveCfg = Release|Any CPU
		{1FE44750-07E4-487D-AFA0-81E1E7BEB289}.Release|Any CPU.Build.0 = Release|Any CPU
		{EA7DF494-19AA-42B8-B8D5-96DD8F8B6967}.Debug|Any CPU.ActiveCfg = Debug|Any CPU
		{EA7DF494-19AA-42B8-B8D5-96DD8F8B6967}.Debug|Any CPU.Build.0 = Debug|Any CPU
		{EA7DF494-19AA-42B8-B8D5-96DD8F8B6967}.Release|Any CPU.ActiveCfg = Release|Any CPU
		{EA7DF494-19AA-42B8-B8D5-96DD8F8B6967}.Release|Any CPU.Build.0 = Release|Any CPU
		{5A147327-A5C0-4993-936F-2B7EC4425D2C}.Debug|Any CPU.ActiveCfg = Debug|Any CPU
		{5A147327-A5C0-4993-936F-2B7EC4425D2C}.Debug|Any CPU.Build.0 = Debug|Any CPU
		{5A147327-A5C0-4993-936F-2B7EC4425D2C}.Release|Any CPU.ActiveCfg = Release|Any CPU
		{5A147327-A5C0-4993-936F-2B7EC4425D2C}.Release|Any CPU.Build.0 = Release|Any CPU
		{13F10E0B-696D-4AD3-BBBE-A580FED288A7}.Debug|Any CPU.ActiveCfg = Debug|Any CPU
		{13F10E0B-696D-4AD3-BBBE-A580FED288A7}.Debug|Any CPU.Build.0 = Debug|Any CPU
		{13F10E0B-696D-4AD3-BBBE-A580FED288A7}.Release|Any CPU.ActiveCfg = Release|Any CPU
		{13F10E0B-696D-4AD3-BBBE-A580FED288A7}.Release|Any CPU.Build.0 = Release|Any CPU
	EndGlobalSection
	GlobalSection(SolutionProperties) = preSolution
		HideSolutionNode = FALSE
	EndGlobalSection
	GlobalSection(NestedProjects) = preSolution
		{4591E24B-89B2-42A9-B110-6F22C9D8F18E} = {CE9B1978-0B2F-483D-8FD9-48D7043D1606}
		{858307D8-7D03-4820-8B1E-C60042EE17FE} = {CE9B1978-0B2F-483D-8FD9-48D7043D1606}
		{54472D2E-9715-432E-A9EC-A13FC1CA954F} = {CE9B1978-0B2F-483D-8FD9-48D7043D1606}
		{DD5C1B2C-EB95-4117-8183-4D17A08C4A1D} = {60B9DC0B-E30B-4A36-A08B-912FE9497A41}
		{B6B3205A-9C0F-4CC8-A480-192D4870EBE6} = {3A26CBA2-A489-4FA3-BFB4-987D087F4B18}
		{2FC88F37-3CE6-4935-BA13-286257D3097C} = {3A26CBA2-A489-4FA3-BFB4-987D087F4B18}
		{DC0DC779-7F5E-4B56-B8A4-41AF4F5745E5} = {32F67FBB-22DF-46DC-89F3-84121457B5D7}
		{B4A5ADA8-1C80-4DF8-8BF7-3C9C8AC1AF55} = {32F67FBB-22DF-46DC-89F3-84121457B5D7}
		{8AD6FB1D-4520-4677-A912-4859B9D52BD0} = {2D1A08CB-8508-4BF0-9E71-551355EA19DF}
		{E1C3E811-D40B-42C6-903F-67BCC02A7A5C} = {2D1A08CB-8508-4BF0-9E71-551355EA19DF}
		{8DB47417-DF4E-4599-B10E-4DBB63022C9D} = {2D1A08CB-8508-4BF0-9E71-551355EA19DF}
		{AB3D66BE-63B4-49C3-89FD-5AAF784F46FF} = {3F730722-5092-42A2-B439-D974333D0B99}
		{19663071-0FCB-48A9-BCC7-28CADD69B6DF} = {3F730722-5092-42A2-B439-D974333D0B99}
		{B07C21C9-65C7-4F27-9B62-458331441646} = {32F67FBB-22DF-46DC-89F3-84121457B5D7}
		{3F730722-5092-42A2-B439-D974333D0B99} = {2D1A08CB-8508-4BF0-9E71-551355EA19DF}
		{3A26CBA2-A489-4FA3-BFB4-987D087F4B18} = {CE9B1978-0B2F-483D-8FD9-48D7043D1606}
		{60B9DC0B-E30B-4A36-A08B-912FE9497A41} = {32F67FBB-22DF-46DC-89F3-84121457B5D7}
		{641CECB3-2E5C-49A2-97CC-8FEEE04F9CAF} = {81C0FA41-A415-4AED-B625-929066505AE7}
		{E49C57E8-84BA-4EBC-9295-D327F1FC9CA9} = {81C0FA41-A415-4AED-B625-929066505AE7}
		{60EF7622-E55A-4236-9F07-8E630A3F355C} = {E49C57E8-84BA-4EBC-9295-D327F1FC9CA9}
		{1A480560-3F55-4BFE-A255-24F998AABC6F} = {32F67FBB-22DF-46DC-89F3-84121457B5D7}
		{BCFB7A83-7DF3-4F2F-9BA5-028A6F58E445} = {32F67FBB-22DF-46DC-89F3-84121457B5D7}
		{B6207C3E-A48F-4D08-81A6-EC10B3564BBF} = {CE9B1978-0B2F-483D-8FD9-48D7043D1606}
		{DCBD9BAB-73EC-4FB4-800D-DD51E05E3C68} = {32F67FBB-22DF-46DC-89F3-84121457B5D7}
		{9DF7AB26-0377-45E6-9E28-A91D44B56842} = {32F67FBB-22DF-46DC-89F3-84121457B5D7}
		{2F2B6B50-5147-4049-95E4-80E0B59D9667} = {32F67FBB-22DF-46DC-89F3-84121457B5D7}
		{AFF0C6C6-6829-4D54-87F0-C3F954566D17} = {8BDE4C87-7413-40DF-A184-2E7F60D88FE4}
		{CCE4294C-4314-4838-A81A-21D352177084} = {8BDE4C87-7413-40DF-A184-2E7F60D88FE4}
		{28281783-CE12-46F3-80C0-346BE6AB7FD6} = {8BDE4C87-7413-40DF-A184-2E7F60D88FE4}
		{9200EED6-8784-4A9D-BB83-6F960D120F77} = {8BDE4C87-7413-40DF-A184-2E7F60D88FE4}
		{68B941FA-0D69-4D36-96FF-7D129FC1A775} = {9200EED6-8784-4A9D-BB83-6F960D120F77}
		{93202024-6F5B-48BE-BC08-B82BD84395B5} = {81C0FA41-A415-4AED-B625-929066505AE7}
		{CE045C6E-6D75-4A5A-B7D7-2BF8AC90EEBC} = {6FFFE5DF-7E40-4A93-A692-62404F4286C5}
		{28FA301E-5882-4659-80DF-813A0F73978B} = {6FFFE5DF-7E40-4A93-A692-62404F4286C5}
		{9576D380-0609-4345-A656-A0DFE33DEA65} = {6FFFE5DF-7E40-4A93-A692-62404F4286C5}
		{4B54A127-99E8-4C5E-A3EB-BE8EA08DAC6C} = {6FFFE5DF-7E40-4A93-A692-62404F4286C5}
		{3B3AE5F7-9B1A-4800-B510-803AC1ABFF26} = {4B54A127-99E8-4C5E-A3EB-BE8EA08DAC6C}
		{8A29450C-DF96-4F5C-9678-EC2D05CFE63F} = {862ED9A0-B7E1-44EE-A3A6-7DD4DF897E57}
		{A5A000BA-7958-4A36-96D0-A55A7B57591C} = {862ED9A0-B7E1-44EE-A3A6-7DD4DF897E57}
		{F4967DFB-4C36-423C-A144-B5905554B20D} = {862ED9A0-B7E1-44EE-A3A6-7DD4DF897E57}
		{870122E8-C941-4C20-8B57-C8B96267250A} = {862ED9A0-B7E1-44EE-A3A6-7DD4DF897E57}
		{B57AA492-624B-450D-9E5B-F3EAACBE5C97} = {5F9167B0-5484-4A43-9B84-36CD91E18EF7}
		{6F38AD5D-1B41-4EF1-B6E3-A153F9AF497F} = {5F9167B0-5484-4A43-9B84-36CD91E18EF7}
		{443A3B0E-235F-4CEC-8F31-C16D7BB59F87} = {E49C57E8-84BA-4EBC-9295-D327F1FC9CA9}
		{D24651F0-F765-4F31-A624-616C97D5BA39} = {CE9B1978-0B2F-483D-8FD9-48D7043D1606}
		{39D2D2C7-502B-40A6-8171-67D2AEFD4FEF} = {32F67FBB-22DF-46DC-89F3-84121457B5D7}
		{8755D11C-8420-4EDF-B283-943EA6B2FE5E} = {2D1A08CB-8508-4BF0-9E71-551355EA19DF}
		{29BF5B5C-E1B0-40B1-BF7D-3481F0839CBA} = {CE9B1978-0B2F-483D-8FD9-48D7043D1606}
		{B1239B62-0EE9-450B-BF82-1F08C6AB430F} = {2D1A08CB-8508-4BF0-9E71-551355EA19DF}
		{D76913A1-71DD-4FEF-AC45-2010134936A0} = {52155095-B52C-4C1F-95AB-BF183B6A0FAD}
		{99A2580C-15CF-4576-8629-67F24107E441} = {52155095-B52C-4C1F-95AB-BF183B6A0FAD}
		{4782A67A-851E-4A7A-A959-93514EBB9B1E} = {52155095-B52C-4C1F-95AB-BF183B6A0FAD}
		{8D157482-1944-4780-BE27-F8514287264D} = {4782A67A-851E-4A7A-A959-93514EBB9B1E}
		{F6E02200-C026-4487-886B-E47240623B2D} = {CE9B1978-0B2F-483D-8FD9-48D7043D1606}
		{3E5B991E-2434-4534-878F-09A1540567EC} = {F6E02200-C026-4487-886B-E47240623B2D}
		{BC5DEC87-7B61-484C-96D8-E48B21361C32} = {9200EED6-8784-4A9D-BB83-6F960D120F77}
		{A1D89EC3-267B-4E68-A8C8-381A429C8A42} = {14BA1D7E-64E3-4A69-9CA3-EE5AD8FB145C}
		{06C1E7BC-861F-4B2F-93FE-067F990F56C5} = {22F4E493-8232-4D1B-967D-7F91DF366BFC}
		{96AC7BCC-62D6-4E5F-B147-25733E10323B} = {22F4E493-8232-4D1B-967D-7F91DF366BFC}
		{0EF8DBC6-AF02-440E-8828-4BD12E2CB74D} = {14BA1D7E-64E3-4A69-9CA3-EE5AD8FB145C}
		{A33A79AC-B436-4725-B9C4-04560CA3BFAD} = {22F4E493-8232-4D1B-967D-7F91DF366BFC}
		{18EE4776-3202-4692-A6A1-64FC9BD78F0B} = {A33A79AC-B436-4725-B9C4-04560CA3BFAD}
		{B8C1FBC8-A7A2-4D44-9FB2-9E7CA3F59D99} = {22F4E493-8232-4D1B-967D-7F91DF366BFC}
		{BF7C6886-B4AB-4463-B8C5-BDBB64EBF351} = {862ED9A0-B7E1-44EE-A3A6-7DD4DF897E57}
		{72CAFF4F-69A1-4FDC-9BDF-E6F589D4616F} = {32F67FBB-22DF-46DC-89F3-84121457B5D7}
		{1FE44750-07E4-487D-AFA0-81E1E7BEB289} = {3F730722-5092-42A2-B439-D974333D0B99}
		{EA7DF494-19AA-42B8-B8D5-96DD8F8B6967} = {3A26CBA2-A489-4FA3-BFB4-987D087F4B18}
		{5A147327-A5C0-4993-936F-2B7EC4425D2C} = {CE9B1978-0B2F-483D-8FD9-48D7043D1606}
		{13F10E0B-696D-4AD3-BBBE-A580FED288A7} = {2D1A08CB-8508-4BF0-9E71-551355EA19DF}
	EndGlobalSection
	GlobalSection(ExtensibilityGlobals) = postSolution
		SolutionGuid = {13C55224-AAF6-4E33-941A-364305E244D6}
	EndGlobalSection
EndGlobal
